<?xml version="1.0" encoding="utf-8"?>
<Project ToolsVersion="4.0" xmlns="http://schemas.microsoft.com/developer/msbuild/2003">
  <ItemGroup>
    <Filter Include="Source Files">
      <UniqueIdentifier>{4FC737F1-C7A5-4376-A066-2A32D752A2FF}</UniqueIdentifier>
      <Extensions>cpp;c;cc;cxx;c++;cppm;ixx;def;odl;idl;hpj;bat;asm;asmx</Extensions>
    </Filter>
    <Filter Include="Header Files">
      <UniqueIdentifier>{93995380-89BD-4b04-88EB-625FBE52EBFB}</UniqueIdentifier>
      <Extensions>h;hh;hpp;hxx;h++;hm;inl;inc;ipp;xsd</Extensions>
    </Filter>
    <Filter Include="Resource Files">
      <UniqueIdentifier>{67DA6AB6-F800-4c08-8B7A-83BB121AAD01}</UniqueIdentifier>
      <Extensions>rc;ico;cur;bmp;dlg;rc2;rct;bin;rgs;gif;jpg;jpeg;jpe;resx;tiff;tif;png;wav;mfcribbon-ms</Extensions>
    </Filter>
    <Filter Include="Includes">
      <UniqueIdentifier>{bb116a0b-7312-40a7-936d-6420e3c918e1}</UniqueIdentifier>
    </Filter>
  </ItemGroup>
  <ItemGroup>
    <ClCompile Include="Main.cpp">
      <Filter>Source Files</Filter>
    </ClCompile>
    <ClCompile Include="Game.cpp">
      <Filter>Source Files</Filter>
    </ClCompile>
    <ClCompile Include="GameComponent.cpp">
      <Filter>Source Files</Filter>
    </ClCompile>
    <ClCompile Include="DisplayWin.cpp">
      <Filter>Source Files</Filter>
    </ClCompile>
    <ClCompile Include="InputDevice.cpp">
      <Filter>Source Files</Filter>
    </ClCompile>
    <ClCompile Include="DebugRectangleGameComponent.cpp">
      <Filter>Source Files</Filter>
    </ClCompile>
  </ItemGroup>
  <ItemGroup>
    <FxCompile Include="MiniTri.fx">
      <Filter>Source Files</Filter>
    </FxCompile>
  </ItemGroup>
  <ItemGroup>
    <ClInclude Include="Game.h">
      <Filter>Header Files</Filter>
    </ClInclude>
    <ClInclude Include="GameComponent.h">
      <Filter>Header Files</Filter>
    </ClInclude>
    <ClInclude Include="DisplayWin.h">
      <Filter>Header Files</Filter>
    </ClInclude>
    <ClInclude Include="InputDevice.h">
      <Filter>Header Files</Filter>
    </ClInclude>
    <ClInclude Include="pch.h">
      <Filter>Header Files</Filter>
    </ClInclude>
    <ClInclude Include="DebugRectangleGameComponent.h">
      <Filter>Header Files</Filter>
    </ClInclude>
    <ClInclude Include="Includes\Audio.h">
      <Filter>Includes</Filter>
    </ClInclude>
    <ClInclude Include="Includes\BufferHelpers.h">
      <Filter>Includes</Filter>
    </ClInclude>
    <ClInclude Include="Includes\CommonStates.h">
      <Filter>Includes</Filter>
    </ClInclude>
    <ClInclude Include="Includes\DDSTextureLoader.h">
      <Filter>Includes</Filter>
    </ClInclude>
    <ClInclude Include="Includes\DirectXHelpers.h">
      <Filter>Includes</Filter>
    </ClInclude>
    <ClInclude Include="Includes\Effects.h">
      <Filter>Includes</Filter>
    </ClInclude>
    <ClInclude Include="Includes\GamePad.h">
      <Filter>Includes</Filter>
    </ClInclude>
    <ClInclude Include="Includes\GeometricPrimitive.h">
      <Filter>Includes</Filter>
    </ClInclude>
    <ClInclude Include="Includes\GraphicsMemory.h">
      <Filter>Includes</Filter>
    </ClInclude>
    <ClInclude Include="Includes\Keyboard.h">
      <Filter>Includes</Filter>
    </ClInclude>
    <ClInclude Include="Includes\Model.h">
      <Filter>Includes</Filter>
    </ClInclude>
    <ClInclude Include="Includes\Mouse.h">
      <Filter>Includes</Filter>
    </ClInclude>
    <ClInclude Include="Includes\PostProcess.h">
      <Filter>Includes</Filter>
    </ClInclude>
    <ClInclude Include="Includes\PrimitiveBatch.h">
      <Filter>Includes</Filter>
    </ClInclude>
    <ClInclude Include="Includes\ScreenGrab.h">
      <Filter>Includes</Filter>
    </ClInclude>
    <ClInclude Include="Includes\SimpleMath.h">
      <Filter>Includes</Filter>
    </ClInclude>
    <ClInclude Include="Includes\SpriteBatch.h">
      <Filter>Includes</Filter>
    </ClInclude>
    <ClInclude Include="Includes\SpriteFont.h">
      <Filter>Includes</Filter>
    </ClInclude>
    <ClInclude Include="Includes\VertexTypes.h">
      <Filter>Includes</Filter>
    </ClInclude>
    <ClInclude Include="Includes\WICTextureLoader.h">
      <Filter>Includes</Filter>
    </ClInclude>
    <ClInclude Include="Includes\XboxDDSTextureLoader.h">
      <Filter>Includes</Filter>
    </ClInclude>
  </ItemGroup>
  <ItemGroup>
    <None Include="Includes\SimpleMath.inl">
      <Filter>Includes</Filter>
    </None>
  </ItemGroup>
</Project>